// !$*UTF8*$!
{
	archiveVersion = 1;
	classes = {
	};
	objectVersion = 46;
	objects = {

/* Begin PBXBuildFile section */
		6419AE721961329B00FBEF0D /* AppDelegate.swift in Sources */ = {isa = PBXBuildFile; fileRef = 6419AE711961329B00FBEF0D /* AppDelegate.swift */; };
		6419AE741961329B00FBEF0D /* NTWaterfallViewController.swift in Sources */ = {isa = PBXBuildFile; fileRef = 6419AE731961329B00FBEF0D /* NTWaterfallViewController.swift */; };
		6419AE771961329B00FBEF0D /* Main.storyboard in Resources */ = {isa = PBXBuildFile; fileRef = 6419AE751961329B00FBEF0D /* Main.storyboard */; };
		6419AE791961329B00FBEF0D /* Images.xcassets in Resources */ = {isa = PBXBuildFile; fileRef = 6419AE781961329B00FBEF0D /* Images.xcassets */; };
		6419AE851961329B00FBEF0D /* PinterestSwiftTests.swift in Sources */ = {isa = PBXBuildFile; fileRef = 6419AE841961329B00FBEF0D /* PinterestSwiftTests.swift */; };
		6419AE901961386700FBEF0D /* NTWaterfallViewCell.swift in Sources */ = {isa = PBXBuildFile; fileRef = 6419AE8F1961386700FBEF0D /* NTWaterfallViewCell.swift */; };
		6419AE9919613E7F00FBEF0D /* CHTCollectionViewWaterfallLayout.swift in Sources */ = {isa = PBXBuildFile; fileRef = 6419AE9819613E7F00FBEF0D /* CHTCollectionViewWaterfallLayout.swift */; };
		64476DB719629BAA000B6F19 /* 0.jpg in Resources */ = {isa = PBXBuildFile; fileRef = 64476DA919629BAA000B6F19 /* 0.jpg */; };
		64476DB819629BAA000B6F19 /* 1.jpg in Resources */ = {isa = PBXBuildFile; fileRef = 64476DAA19629BAA000B6F19 /* 1.jpg */; };
		64476DB919629BAA000B6F19 /* 10.jpg in Resources */ = {isa = PBXBuildFile; fileRef = 64476DAB19629BAA000B6F19 /* 10.jpg */; };
		64476DBA19629BAA000B6F19 /* 11.jpg in Resources */ = {isa = PBXBuildFile; fileRef = 64476DAC19629BAA000B6F19 /* 11.jpg */; };
		64476DBB19629BAA000B6F19 /* 12.jpg in Resources */ = {isa = PBXBuildFile; fileRef = 64476DAD19629BAA000B6F19 /* 12.jpg */; };
		64476DBC19629BAA000B6F19 /* 13.jpg in Resources */ = {isa = PBXBuildFile; fileRef = 64476DAE19629BAA000B6F19 /* 13.jpg */; };
		64476DBD19629BAA000B6F19 /* 2.jpg in Resources */ = {isa = PBXBuildFile; fileRef = 64476DAF19629BAA000B6F19 /* 2.jpg */; };
		64476DBE19629BAA000B6F19 /* 3.jpg in Resources */ = {isa = PBXBuildFile; fileRef = 64476DB019629BAA000B6F19 /* 3.jpg */; };
		64476DBF19629BAA000B6F19 /* 4.jpg in Resources */ = {isa = PBXBuildFile; fileRef = 64476DB119629BAA000B6F19 /* 4.jpg */; };
		64476DC019629BAA000B6F19 /* 5.jpg in Resources */ = {isa = PBXBuildFile; fileRef = 64476DB219629BAA000B6F19 /* 5.jpg */; };
		64476DC119629BAA000B6F19 /* 6.jpg in Resources */ = {isa = PBXBuildFile; fileRef = 64476DB319629BAA000B6F19 /* 6.jpg */; };
		64476DC219629BAA000B6F19 /* 7.jpg in Resources */ = {isa = PBXBuildFile; fileRef = 64476DB419629BAA000B6F19 /* 7.jpg */; };
		64476DC319629BAA000B6F19 /* 8.jpg in Resources */ = {isa = PBXBuildFile; fileRef = 64476DB519629BAA000B6F19 /* 8.jpg */; };
		64476DC419629BAA000B6F19 /* 9.jpg in Resources */ = {isa = PBXBuildFile; fileRef = 64476DB619629BAA000B6F19 /* 9.jpg */; };
		64476DEB1962A1D2000B6F19 /* NTHorizontalPageViewCell.swift in Sources */ = {isa = PBXBuildFile; fileRef = 64476DEA1962A1D2000B6F19 /* NTHorizontalPageViewCell.swift */; };
		64476DED1962A258000B6F19 /* NTHorizontalPageViewController.swift in Sources */ = {isa = PBXBuildFile; fileRef = 64476DEC1962A258000B6F19 /* NTHorizontalPageViewController.swift */; };
		64476DEF1962BD97000B6F19 /* Macro.swift in Sources */ = {isa = PBXBuildFile; fileRef = 64476DEE1962BD97000B6F19 /* Macro.swift */; };
		64476DF21963AAE1000B6F19 /* NTTransitionProtocol.swift in Sources */ = {isa = PBXBuildFile; fileRef = 64476DF11963AAE1000B6F19 /* NTTransitionProtocol.swift */; };
		64476DF71963B633000B6F19 /* Extension.swift in Sources */ = {isa = PBXBuildFile; fileRef = 64476DF61963B633000B6F19 /* Extension.swift */; };
		6471FF721963BAE9006A0827 /* NTTransition.swift in Sources */ = {isa = PBXBuildFile; fileRef = 6471FF711963BAE9006A0827 /* NTTransition.swift */; };
		64E88A2F196419D300D982B3 /* NTNavigationController.swift in Sources */ = {isa = PBXBuildFile; fileRef = 64E88A2E196419D300D982B3 /* NTNavigationController.swift */; };
/* End PBXBuildFile section */

/* Begin PBXContainerItemProxy section */
		6419AE7F1961329B00FBEF0D /* PBXContainerItemProxy */ = {
			isa = PBXContainerItemProxy;
			containerPortal = 6419AE641961329B00FBEF0D /* Project object */;
			proxyType = 1;
			remoteGlobalIDString = 6419AE6B1961329B00FBEF0D;
			remoteInfo = PinterestSwift;
		};
/* End PBXContainerItemProxy section */

/* Begin PBXCopyFilesBuildPhase section */
		64476DE619629C69000B6F19 /* Embed Frameworks */ = {
			isa = PBXCopyFilesBuildPhase;
			buildActionMask = 2147483647;
			dstPath = "";
			dstSubfolderSpec = 10;
			files = (
			);
			name = "Embed Frameworks";
			runOnlyForDeploymentPostprocessing = 0;
		};
/* End PBXCopyFilesBuildPhase section */

/* Begin PBXFileReference section */
		6419AE6C1961329B00FBEF0D /* PinterestSwift.app */ = {isa = PBXFileReference; explicitFileType = wrapper.application; includeInIndex = 0; path = PinterestSwift.app; sourceTree = BUILT_PRODUCTS_DIR; };
		6419AE701961329B00FBEF0D /* Info.plist */ = {isa = PBXFileReference; lastKnownFileType = text.plist.xml; path = Info.plist; sourceTree = "<group>"; };
		6419AE711961329B00FBEF0D /* AppDelegate.swift */ = {isa = PBXFileReference; lastKnownFileType = sourcecode.swift; path = AppDelegate.swift; sourceTree = "<group>"; };
		6419AE731961329B00FBEF0D /* NTWaterfallViewController.swift */ = {isa = PBXFileReference; lastKnownFileType = sourcecode.swift; path = NTWaterfallViewController.swift; sourceTree = "<group>"; };
		6419AE761961329B00FBEF0D /* Base */ = {isa = PBXFileReference; lastKnownFileType = file.storyboard; name = Base; path = Base.lproj/Main.storyboard; sourceTree = "<group>"; };
		6419AE781961329B00FBEF0D /* Images.xcassets */ = {isa = PBXFileReference; lastKnownFileType = folder.assetcatalog; path = Images.xcassets; sourceTree = "<group>"; };
		6419AE7E1961329B00FBEF0D /* PinterestSwiftTests.xctest */ = {isa = PBXFileReference; explicitFileType = wrapper.cfbundle; includeInIndex = 0; path = PinterestSwiftTests.xctest; sourceTree = BUILT_PRODUCTS_DIR; };
		6419AE831961329B00FBEF0D /* Info.plist */ = {isa = PBXFileReference; lastKnownFileType = text.plist.xml; path = Info.plist; sourceTree = "<group>"; };
		6419AE841961329B00FBEF0D /* PinterestSwiftTests.swift */ = {isa = PBXFileReference; lastKnownFileType = sourcecode.swift; path = PinterestSwiftTests.swift; sourceTree = "<group>"; };
		6419AE8F1961386700FBEF0D /* NTWaterfallViewCell.swift */ = {isa = PBXFileReference; fileEncoding = 4; lastKnownFileType = sourcecode.swift; path = NTWaterfallViewCell.swift; sourceTree = "<group>"; };
		6419AE9819613E7F00FBEF0D /* CHTCollectionViewWaterfallLayout.swift */ = {isa = PBXFileReference; fileEncoding = 4; lastKnownFileType = sourcecode.swift; path = CHTCollectionViewWaterfallLayout.swift; sourceTree = "<group>"; };
		64476DA919629BAA000B6F19 /* 0.jpg */ = {isa = PBXFileReference; lastKnownFileType = image.jpeg; path = 0.jpg; sourceTree = "<group>"; };
		64476DAA19629BAA000B6F19 /* 1.jpg */ = {isa = PBXFileReference; lastKnownFileType = image.jpeg; path = 1.jpg; sourceTree = "<group>"; };
		64476DAB19629BAA000B6F19 /* 10.jpg */ = {isa = PBXFileReference; lastKnownFileType = image.jpeg; path = 10.jpg; sourceTree = "<group>"; };
		64476DAC19629BAA000B6F19 /* 11.jpg */ = {isa = PBXFileReference; lastKnownFileType = image.jpeg; path = 11.jpg; sourceTree = "<group>"; };
		64476DAD19629BAA000B6F19 /* 12.jpg */ = {isa = PBXFileReference; lastKnownFileType = image.jpeg; path = 12.jpg; sourceTree = "<group>"; };
		64476DAE19629BAA000B6F19 /* 13.jpg */ = {isa = PBXFileReference; lastKnownFileType = image.jpeg; path = 13.jpg; sourceTree = "<group>"; };
		64476DAF19629BAA000B6F19 /* 2.jpg */ = {isa = PBXFileReference; lastKnownFileType = image.jpeg; path = 2.jpg; sourceTree = "<group>"; };
		64476DB019629BAA000B6F19 /* 3.jpg */ = {isa = PBXFileReference; lastKnownFileType = image.jpeg; path = 3.jpg; sourceTree = "<group>"; };
		64476DB119629BAA000B6F19 /* 4.jpg */ = {isa = PBXFileReference; lastKnownFileType = image.jpeg; path = 4.jpg; sourceTree = "<group>"; };
		64476DB219629BAA000B6F19 /* 5.jpg */ = {isa = PBXFileReference; lastKnownFileType = image.jpeg; path = 5.jpg; sourceTree = "<group>"; };
		64476DB319629BAA000B6F19 /* 6.jpg */ = {isa = PBXFileReference; lastKnownFileType = image.jpeg; path = 6.jpg; sourceTree = "<group>"; };
		64476DB419629BAA000B6F19 /* 7.jpg */ = {isa = PBXFileReference; lastKnownFileType = image.jpeg; path = 7.jpg; sourceTree = "<group>"; };
		64476DB519629BAA000B6F19 /* 8.jpg */ = {isa = PBXFileReference; lastKnownFileType = image.jpeg; path = 8.jpg; sourceTree = "<group>"; };
		64476DB619629BAA000B6F19 /* 9.jpg */ = {isa = PBXFileReference; lastKnownFileType = image.jpeg; path = 9.jpg; sourceTree = "<group>"; };
		64476DDA19629C69000B6F19 /* Info.plist */ = {isa = PBXFileReference; lastKnownFileType = text.plist.xml; path = Info.plist; sourceTree = "<group>"; };
		64476DDB19629C69000B6F19 /* NTCustomWaterfallViewCellTests.swift */ = {isa = PBXFileReference; lastKnownFileType = sourcecode.swift; path = NTCustomWaterfallViewCellTests.swift; sourceTree = "<group>"; };
		64476DEA1962A1D2000B6F19 /* NTHorizontalPageViewCell.swift */ = {isa = PBXFileReference; fileEncoding = 4; lastKnownFileType = sourcecode.swift; path = NTHorizontalPageViewCell.swift; sourceTree = "<group>"; };
		64476DEC1962A258000B6F19 /* NTHorizontalPageViewController.swift */ = {isa = PBXFileReference; fileEncoding = 4; lastKnownFileType = sourcecode.swift; path = NTHorizontalPageViewController.swift; sourceTree = "<group>"; };
		64476DEE1962BD97000B6F19 /* Macro.swift */ = {isa = PBXFileReference; fileEncoding = 4; lastKnownFileType = sourcecode.swift; path = Macro.swift; sourceTree = "<group>"; };
		64476DF11963AAE1000B6F19 /* NTTransitionProtocol.swift */ = {isa = PBXFileReference; fileEncoding = 4; lastKnownFileType = sourcecode.swift; path = NTTransitionProtocol.swift; sourceTree = "<group>"; };
		64476DF61963B633000B6F19 /* Extension.swift */ = {isa = PBXFileReference; fileEncoding = 4; lastKnownFileType = sourcecode.swift; path = Extension.swift; sourceTree = "<group>"; };
		6471FF711963BAE9006A0827 /* NTTransition.swift */ = {isa = PBXFileReference; fileEncoding = 4; lastKnownFileType = sourcecode.swift; path = NTTransition.swift; sourceTree = "<group>"; };
		64E88A2E196419D300D982B3 /* NTNavigationController.swift */ = {isa = PBXFileReference; fileEncoding = 4; lastKnownFileType = sourcecode.swift; path = NTNavigationController.swift; sourceTree = "<group>"; };
/* End PBXFileReference section */

/* Begin PBXFrameworksBuildPhase section */
		6419AE691961329B00FBEF0D /* Frameworks */ = {
			isa = PBXFrameworksBuildPhase;
			buildActionMask = 2147483647;
			files = (
			);
			runOnlyForDeploymentPostprocessing = 0;
		};
		6419AE7B1961329B00FBEF0D /* Frameworks */ = {
			isa = PBXFrameworksBuildPhase;
			buildActionMask = 2147483647;
			files = (
			);
			runOnlyForDeploymentPostprocessing = 0;
		};
/* End PBXFrameworksBuildPhase section */

/* Begin PBXGroup section */
		6419AE631961329B00FBEF0D = {
			isa = PBXGroup;
			children = (
				6419AE6E1961329B00FBEF0D /* PinterestSwift */,
				6419AE811961329B00FBEF0D /* PinterestSwiftTests */,
				64476DD819629C69000B6F19 /* NTCustomWaterfallViewCellTests */,
				6419AE6D1961329B00FBEF0D /* Products */,
			);
			sourceTree = "<group>";
		};
		6419AE6D1961329B00FBEF0D /* Products */ = {
			isa = PBXGroup;
			children = (
				6419AE6C1961329B00FBEF0D /* PinterestSwift.app */,
				6419AE7E1961329B00FBEF0D /* PinterestSwiftTests.xctest */,
			);
			name = Products;
			sourceTree = "<group>";
		};
		6419AE6E1961329B00FBEF0D /* PinterestSwift */ = {
			isa = PBXGroup;
			children = (
				64482A741964EA9A005D3D93 /* Layout */,
				64482A731964EA8C005D3D93 /* ViewControllers */,
				64E88A2D1963F1B000D982B3 /* Extensions */,
				64476DF31963AE86000B6F19 /* Transition */,
				64476DA519617822000B6F19 /* Utils */,
				6419AE8E1961384700FBEF0D /* Views */,
				6419AE711961329B00FBEF0D /* AppDelegate.swift */,
				6419AE751961329B00FBEF0D /* Main.storyboard */,
				64476DA819629BAA000B6F19 /* images */,
				6419AE781961329B00FBEF0D /* Images.xcassets */,
				6419AE6F1961329B00FBEF0D /* Supporting Files */,
			);
			path = PinterestSwift;
			sourceTree = "<group>";
		};
		6419AE6F1961329B00FBEF0D /* Supporting Files */ = {
			isa = PBXGroup;
			children = (
				6419AE701961329B00FBEF0D /* Info.plist */,
			);
			name = "Supporting Files";
			sourceTree = "<group>";
		};
		6419AE811961329B00FBEF0D /* PinterestSwiftTests */ = {
			isa = PBXGroup;
			children = (
				6419AE841961329B00FBEF0D /* PinterestSwiftTests.swift */,
				6419AE821961329B00FBEF0D /* Supporting Files */,
			);
			path = PinterestSwiftTests;
			sourceTree = "<group>";
		};
		6419AE821961329B00FBEF0D /* Supporting Files */ = {
			isa = PBXGroup;
			children = (
				6419AE831961329B00FBEF0D /* Info.plist */,
			);
			name = "Supporting Files";
			sourceTree = "<group>";
		};
		6419AE8E1961384700FBEF0D /* Views */ = {
			isa = PBXGroup;
			children = (
				6419AE8F1961386700FBEF0D /* NTWaterfallViewCell.swift */,
				64476DEA1962A1D2000B6F19 /* NTHorizontalPageViewCell.swift */,
			);
			name = Views;
			sourceTree = "<group>";
		};
		64476DA519617822000B6F19 /* Utils */ = {
			isa = PBXGroup;
			children = (
				64476DEE1962BD97000B6F19 /* Macro.swift */,
			);
			name = Utils;
			sourceTree = "<group>";
		};
		64476DA819629BAA000B6F19 /* images */ = {
			isa = PBXGroup;
			children = (
				64476DA919629BAA000B6F19 /* 0.jpg */,
				64476DAA19629BAA000B6F19 /* 1.jpg */,
				64476DAB19629BAA000B6F19 /* 10.jpg */,
				64476DAC19629BAA000B6F19 /* 11.jpg */,
				64476DAD19629BAA000B6F19 /* 12.jpg */,
				64476DAE19629BAA000B6F19 /* 13.jpg */,
				64476DAF19629BAA000B6F19 /* 2.jpg */,
				64476DB019629BAA000B6F19 /* 3.jpg */,
				64476DB119629BAA000B6F19 /* 4.jpg */,
				64476DB219629BAA000B6F19 /* 5.jpg */,
				64476DB319629BAA000B6F19 /* 6.jpg */,
				64476DB419629BAA000B6F19 /* 7.jpg */,
				64476DB519629BAA000B6F19 /* 8.jpg */,
				64476DB619629BAA000B6F19 /* 9.jpg */,
			);
			path = images;
			sourceTree = "<group>";
		};
		64476DD819629C69000B6F19 /* NTCustomWaterfallViewCellTests */ = {
			isa = PBXGroup;
			children = (
				64476DDB19629C69000B6F19 /* NTCustomWaterfallViewCellTests.swift */,
				64476DD919629C69000B6F19 /* Supporting Files */,
			);
			path = NTCustomWaterfallViewCellTests;
			sourceTree = "<group>";
		};
		64476DD919629C69000B6F19 /* Supporting Files */ = {
			isa = PBXGroup;
			children = (
				64476DDA19629C69000B6F19 /* Info.plist */,
			);
			name = "Supporting Files";
			sourceTree = "<group>";
		};
		64476DF01963AA8E000B6F19 /* Protocol */ = {
			isa = PBXGroup;
			children = (
				64476DF11963AAE1000B6F19 /* NTTransitionProtocol.swift */,
			);
			name = Protocol;
			sourceTree = "<group>";
		};
		64476DF31963AE86000B6F19 /* Transition */ = {
			isa = PBXGroup;
			children = (
				6471FF711963BAE9006A0827 /* NTTransition.swift */,
				64476DF01963AA8E000B6F19 /* Protocol */,
			);
			name = Transition;
			sourceTree = "<group>";
		};
		64482A731964EA8C005D3D93 /* ViewControllers */ = {
			isa = PBXGroup;
			children = (
				6419AE731961329B00FBEF0D /* NTWaterfallViewController.swift */,
				64E88A2E196419D300D982B3 /* NTNavigationController.swift */,
				64476DEC1962A258000B6F19 /* NTHorizontalPageViewController.swift */,
			);
			name = ViewControllers;
			sourceTree = "<group>";
		};
		64482A741964EA9A005D3D93 /* Layout */ = {
			isa = PBXGroup;
			children = (
				6419AE9819613E7F00FBEF0D /* CHTCollectionViewWaterfallLayout.swift */,
			);
			name = Layout;
			sourceTree = "<group>";
		};
		64E88A2D1963F1B000D982B3 /* Extensions */ = {
			isa = PBXGroup;
			children = (
				64476DF61963B633000B6F19 /* Extension.swift */,
			);
			name = Extensions;
			sourceTree = "<group>";
		};
/* End PBXGroup section */

/* Begin PBXNativeTarget section */
		6419AE6B1961329B00FBEF0D /* PinterestSwift */ = {
			isa = PBXNativeTarget;
			buildConfigurationList = 6419AE881961329B00FBEF0D /* Build configuration list for PBXNativeTarget "PinterestSwift" */;
			buildPhases = (
				6419AE681961329B00FBEF0D /* Sources */,
				6419AE691961329B00FBEF0D /* Frameworks */,
				6419AE6A1961329B00FBEF0D /* Resources */,
				64476DE619629C69000B6F19 /* Embed Frameworks */,
			);
			buildRules = (
			);
			dependencies = (
			);
			name = PinterestSwift;
			productName = PinterestSwift;
			productReference = 6419AE6C1961329B00FBEF0D /* PinterestSwift.app */;
			productType = "com.apple.product-type.application";
		};
		6419AE7D1961329B00FBEF0D /* PinterestSwiftTests */ = {
			isa = PBXNativeTarget;
			buildConfigurationList = 6419AE8B1961329B00FBEF0D /* Build configuration list for PBXNativeTarget "PinterestSwiftTests" */;
			buildPhases = (
				6419AE7A1961329B00FBEF0D /* Sources */,
				6419AE7B1961329B00FBEF0D /* Frameworks */,
				6419AE7C1961329B00FBEF0D /* Resources */,
			);
			buildRules = (
			);
			dependencies = (
				6419AE801961329B00FBEF0D /* PBXTargetDependency */,
			);
			name = PinterestSwiftTests;
			productName = PinterestSwiftTests;
			productReference = 6419AE7E1961329B00FBEF0D /* PinterestSwiftTests.xctest */;
			productType = "com.apple.product-type.bundle.unit-test";
		};
/* End PBXNativeTarget section */

/* Begin PBXProject section */
		6419AE641961329B00FBEF0D /* Project object */ = {
			isa = PBXProject;
			attributes = {
				LastSwiftMigration = 0700;
				LastSwiftUpdateCheck = 0700;
				LastUpgradeCheck = 0600;
				ORGANIZATIONNAME = "Nicholas Tau";
				TargetAttributes = {
					6419AE6B1961329B00FBEF0D = {
						CreatedOnToolsVersion = 6.0;
						LastSwiftMigration = 0810;
					};
					6419AE7D1961329B00FBEF0D = {
						CreatedOnToolsVersion = 6.0;
						LastSwiftMigration = 0810;
						TestTargetID = 6419AE6B1961329B00FBEF0D;
					};
				};
			};
			buildConfigurationList = 6419AE671961329B00FBEF0D /* Build configuration list for PBXProject "PinterestSwift" */;
			compatibilityVersion = "Xcode 3.2";
			developmentRegion = English;
			hasScannedForEncodings = 0;
			knownRegions = (
				English,
				en,
				Base,
			);
			mainGroup = 6419AE631961329B00FBEF0D;
			productRefGroup = 6419AE6D1961329B00FBEF0D /* Products */;
			projectDirPath = "";
			projectRoot = "";
			targets = (
				6419AE6B1961329B00FBEF0D /* PinterestSwift */,
				6419AE7D1961329B00FBEF0D /* PinterestSwiftTests */,
			);
		};
/* End PBXProject section */

/* Begin PBXResourcesBuildPhase section */
		6419AE6A1961329B00FBEF0D /* Resources */ = {
			isa = PBXResourcesBuildPhase;
			buildActionMask = 2147483647;
			files = (
				64476DC319629BAA000B6F19 /* 8.jpg in Resources */,
				64476DBF19629BAA000B6F19 /* 4.jpg in Resources */,
				64476DB919629BAA000B6F19 /* 10.jpg in Resources */,
				64476DC119629BAA000B6F19 /* 6.jpg in Resources */,
				64476DC219629BAA000B6F19 /* 7.jpg in Resources */,
				64476DBC19629BAA000B6F19 /* 13.jpg in Resources */,
				64476DB719629BAA000B6F19 /* 0.jpg in Resources */,
				64476DBD19629BAA000B6F19 /* 2.jpg in Resources */,
				64476DBB19629BAA000B6F19 /* 12.jpg in Resources */,
				64476DBE19629BAA000B6F19 /* 3.jpg in Resources */,
				64476DB819629BAA000B6F19 /* 1.jpg in Resources */,
				64476DBA19629BAA000B6F19 /* 11.jpg in Resources */,
				64476DC019629BAA000B6F19 /* 5.jpg in Resources */,
				64476DC419629BAA000B6F19 /* 9.jpg in Resources */,
				6419AE771961329B00FBEF0D /* Main.storyboard in Resources */,
				6419AE791961329B00FBEF0D /* Images.xcassets in Resources */,
			);
			runOnlyForDeploymentPostprocessing = 0;
		};
		6419AE7C1961329B00FBEF0D /* Resources */ = {
			isa = PBXResourcesBuildPhase;
			buildActionMask = 2147483647;
			files = (
			);
			runOnlyForDeploymentPostprocessing = 0;
		};
/* End PBXResourcesBuildPhase section */

/* Begin PBXSourcesBuildPhase section */
		6419AE681961329B00FBEF0D /* Sources */ = {
			isa = PBXSourcesBuildPhase;
			buildActionMask = 2147483647;
			files = (
				64476DEF1962BD97000B6F19 /* Macro.swift in Sources */,
				6471FF721963BAE9006A0827 /* NTTransition.swift in Sources */,
				6419AE901961386700FBEF0D /* NTWaterfallViewCell.swift in Sources */,
				64476DED1962A258000B6F19 /* NTHorizontalPageViewController.swift in Sources */,
				64E88A2F196419D300D982B3 /* NTNavigationController.swift in Sources */,
				6419AE9919613E7F00FBEF0D /* CHTCollectionViewWaterfallLayout.swift in Sources */,
				64476DEB1962A1D2000B6F19 /* NTHorizontalPageViewCell.swift in Sources */,
				6419AE741961329B00FBEF0D /* NTWaterfallViewController.swift in Sources */,
				6419AE721961329B00FBEF0D /* AppDelegate.swift in Sources */,
				64476DF21963AAE1000B6F19 /* NTTransitionProtocol.swift in Sources */,
				64476DF71963B633000B6F19 /* Extension.swift in Sources */,
			);
			runOnlyForDeploymentPostprocessing = 0;
		};
		6419AE7A1961329B00FBEF0D /* Sources */ = {
			isa = PBXSourcesBuildPhase;
			buildActionMask = 2147483647;
			files = (
				6419AE851961329B00FBEF0D /* PinterestSwiftTests.swift in Sources */,
			);
			runOnlyForDeploymentPostprocessing = 0;
		};
/* End PBXSourcesBuildPhase section */

/* Begin PBXTargetDependency section */
		6419AE801961329B00FBEF0D /* PBXTargetDependency */ = {
			isa = PBXTargetDependency;
			target = 6419AE6B1961329B00FBEF0D /* PinterestSwift */;
			targetProxy = 6419AE7F1961329B00FBEF0D /* PBXContainerItemProxy */;
		};
/* End PBXTargetDependency section */

/* Begin PBXVariantGroup section */
		6419AE751961329B00FBEF0D /* Main.storyboard */ = {
			isa = PBXVariantGroup;
			children = (
				6419AE761961329B00FBEF0D /* Base */,
			);
			name = Main.storyboard;
			sourceTree = "<group>";
		};
/* End PBXVariantGroup section */

/* Begin XCBuildConfiguration section */
		6419AE861961329B00FBEF0D /* Debug */ = {
			isa = XCBuildConfiguration;
			buildSettings = {
				ALWAYS_SEARCH_USER_PATHS = NO;
				CLANG_CXX_LANGUAGE_STANDARD = "gnu++0x";
				CLANG_CXX_LIBRARY = "libc++";
				CLANG_ENABLE_MODULES = YES;
				CLANG_ENABLE_OBJC_ARC = YES;
				CLANG_WARN_BOOL_CONVERSION = YES;
				CLANG_WARN_CONSTANT_CONVERSION = YES;
				CLANG_WARN_DIRECT_OBJC_ISA_USAGE = YES_ERROR;
				CLANG_WARN_EMPTY_BODY = YES;
				CLANG_WARN_ENUM_CONVERSION = YES;
				CLANG_WARN_INT_CONVERSION = YES;
				CLANG_WARN_OBJC_ROOT_CLASS = YES_ERROR;
				CLANG_WARN_UNREACHABLE_CODE = YES;
				CLANG_WARN__DUPLICATE_METHOD_MATCH = YES;
				CODE_SIGN_IDENTITY = "iPhone Developer";
				"CODE_SIGN_IDENTITY[sdk=iphoneos*]" = "iPhone Developer";
				COPY_PHASE_STRIP = NO;
				ENABLE_STRICT_OBJC_MSGSEND = YES;
				GCC_C_LANGUAGE_STANDARD = gnu99;
				GCC_DYNAMIC_NO_PIC = NO;
				GCC_OPTIMIZATION_LEVEL = 0;
				GCC_PREPROCESSOR_DEFINITIONS = (
					"DEBUG=1",
					"$(inherited)",
				);
				GCC_SYMBOLS_PRIVATE_EXTERN = NO;
				GCC_WARN_64_TO_32_BIT_CONVERSION = YES;
				GCC_WARN_ABOUT_RETURN_TYPE = YES_ERROR;
				GCC_WARN_UNDECLARED_SELECTOR = YES;
				GCC_WARN_UNINITIALIZED_AUTOS = YES_AGGRESSIVE;
				GCC_WARN_UNUSED_FUNCTION = YES;
				GCC_WARN_UNUSED_VARIABLE = YES;
				IPHONEOS_DEPLOYMENT_TARGET = 8.0;
				METAL_ENABLE_DEBUG_INFO = YES;
				ONLY_ACTIVE_ARCH = YES;
				SDKROOT = iphoneos;
				SWIFT_OPTIMIZATION_LEVEL = "-Onone";
			};
			name = Debug;
		};
		6419AE871961329B00FBEF0D /* Release */ = {
			isa = XCBuildConfiguration;
			buildSettings = {
				ALWAYS_SEARCH_USER_PATHS = NO;
				CLANG_CXX_LANGUAGE_STANDARD = "gnu++0x";
				CLANG_CXX_LIBRARY = "libc++";
				CLANG_ENABLE_MODULES = YES;
				CLANG_ENABLE_OBJC_ARC = YES;
				CLANG_WARN_BOOL_CONVERSION = YES;
				CLANG_WARN_CONSTANT_CONVERSION = YES;
				CLANG_WARN_DIRECT_OBJC_ISA_USAGE = YES_ERROR;
				CLANG_WARN_EMPTY_BODY = YES;
				CLANG_WARN_ENUM_CONVERSION = YES;
				CLANG_WARN_INT_CONVERSION = YES;
				CLANG_WARN_OBJC_ROOT_CLASS = YES_ERROR;
				CLANG_WARN_UNREACHABLE_CODE = YES;
				CLANG_WARN__DUPLICATE_METHOD_MATCH = YES;
				CODE_SIGN_IDENTITY = "iPhone Developer";
				"CODE_SIGN_IDENTITY[sdk=iphoneos*]" = "iPhone Developer";
				COPY_PHASE_STRIP = YES;
				ENABLE_NS_ASSERTIONS = NO;
				ENABLE_STRICT_OBJC_MSGSEND = YES;
				GCC_C_LANGUAGE_STANDARD = gnu99;
				GCC_WARN_64_TO_32_BIT_CONVERSION = YES;
				GCC_WARN_ABOUT_RETURN_TYPE = YES_ERROR;
				GCC_WARN_UNDECLARED_SELECTOR = YES;
				GCC_WARN_UNINITIALIZED_AUTOS = YES_AGGRESSIVE;
				GCC_WARN_UNUSED_FUNCTION = YES;
				GCC_WARN_UNUSED_VARIABLE = YES;
				IPHONEOS_DEPLOYMENT_TARGET = 8.0;
				METAL_ENABLE_DEBUG_INFO = NO;
				SDKROOT = iphoneos;
				VALIDATE_PRODUCT = YES;
			};
			name = Release;
		};
		6419AE891961329B00FBEF0D /* Debug */ = {
			isa = XCBuildConfiguration;
			buildSettings = {
				ASSETCATALOG_COMPILER_APPICON_NAME = AppIcon;
				ASSETCATALOG_COMPILER_LAUNCHIMAGE_NAME = LaunchImage;
				CLANG_ENABLE_MODULES = YES;
				INFOPLIST_FILE = PinterestSwift/Info.plist;
				IPHONEOS_DEPLOYMENT_TARGET = 13.1;
				LD_RUNPATH_SEARCH_PATHS = "$(inherited) @executable_path/Frameworks";
				PRODUCT_NAME = "$(TARGET_NAME)";
				PROVISIONING_PROFILE = "";
				SWIFT_OPTIMIZATION_LEVEL = "-Onone";
				SWIFT_VERSION = 5.0;
			};
			name = Debug;
		};
		6419AE8A1961329B00FBEF0D /* Release */ = {
			isa = XCBuildConfiguration;
			buildSettings = {
				ASSETCATALOG_COMPILER_APPICON_NAME = AppIcon;
				ASSETCATALOG_COMPILER_LAUNCHIMAGE_NAME = LaunchImage;
				CLANG_ENABLE_MODULES = YES;
				INFOPLIST_FILE = PinterestSwift/Info.plist;
				IPHONEOS_DEPLOYMENT_TARGET = 13.1;
				LD_RUNPATH_SEARCH_PATHS = "$(inherited) @executable_path/Frameworks";
				PRODUCT_NAME = "$(TARGET_NAME)";
				PROVISIONING_PROFILE = "";
				SWIFT_VERSION = 5.0;
			};
			name = Release;
		};
		6419AE8C1961329B00FBEF0D /* Debug */ = {
			isa = XCBuildConfiguration;
			buildSettings = {
				BUNDLE_LOADER = "$(BUILT_PRODUCTS_DIR)/PinterestSwift.app/PinterestSwift";
				FRAMEWORK_SEARCH_PATHS = (
					"$(SDKROOT)/Developer/Library/Frameworks",
					"$(inherited)",
				);
				GCC_PREPROCESSOR_DEFINITIONS = (
					"DEBUG=1",
					"$(inherited)",
				);
				INFOPLIST_FILE = PinterestSwiftTests/Info.plist;
				LD_RUNPATH_SEARCH_PATHS = "$(inherited) @executable_path/Frameworks @loader_path/Frameworks";
				METAL_ENABLE_DEBUG_INFO = YES;
				PRODUCT_NAME = "$(TARGET_NAME)";
				SWIFT_VERSION = 3.0;
				TEST_HOST = "$(BUNDLE_LOADER)";
			};
			name = Debug;
		};
		6419AE8D1961329B00FBEF0D /* Release */ = {
			isa = XCBuildConfiguration;
			buildSettings = {
				BUNDLE_LOADER = "$(BUILT_PRODUCTS_DIR)/PinterestSwift.app/PinterestSwift";
				FRAMEWORK_SEARCH_PATHS = (
					"$(SDKROOT)/Developer/Library/Frameworks",
					"$(inherited)",
				);
				INFOPLIST_FILE = PinterestSwiftTests/Info.plist;
				LD_RUNPATH_SEARCH_PATHS = "$(inherited) @executable_path/Frameworks @loader_path/Frameworks";
				METAL_ENABLE_DEBUG_INFO = NO;
				PRODUCT_NAME = "$(TARGET_NAME)";
				SWIFT_VERSION = 3.0;
				TEST_HOST = "$(BUNDLE_LOADER)";
			};
			name = Release;
		};
/* End XCBuildConfiguration section */

/* Begin XCConfigurationList section */
		6419AE671961329B00FBEF0D /* Build configuration list for PBXProject "PinterestSwift" */ = {
			isa = XCConfigurationList;
			buildConfigurations = (
				6419AE861961329B00FBEF0D /* Debug */,
				6419AE871961329B00FBEF0D /* Release */,
			);
			defaultConfigurationIsVisible = 0;
			defaultConfigurationName = Release;
		};
		6419AE881961329B00FBEF0D /* Build configuration list for PBXNativeTarget "PinterestSwift" */ = {
			isa = XCConfigurationList;
			buildConfigurations = (
				6419AE891961329B00FBEF0D /* Debug */,
				6419AE8A1961329B00FBEF0D /* Release */,
			);
			defaultConfigurationIsVisible = 0;
			defaultConfigurationName = Release;
		};
		6419AE8B1961329B00FBEF0D /* Build configuration list for PBXNativeTarget "PinterestSwiftTests" */ = {
			isa = XCConfigurationList;
			buildConfigurations = (
				6419AE8C1961329B00FBEF0D /* Debug */,
				6419AE8D1961329B00FBEF0D /* Release */,
			);
			defaultConfigurationIsVisible = 0;
			defaultConfigurationName = Release;
		};
/* End XCConfigurationList section */
	};
	rootObject = 6419AE641961329B00FBEF0D /* Project object */;
}
